
Microsoft Visual Studio Solution File, Format Version 12.00
# Visual Studio Version 17
VisualStudioVersion = 17.0.32112.339
MinimumVisualStudioVersion = 10.0.40219.1
Project("{9A19103F-16F7-4668-BE54-9A1E7A4F7556}") = "Homework6-arrays", "Homework6-arrays.csproj", "{55969124-B41D-4AF7-ACFB-7443B723952B}"
EndProject
Project("{9A19103F-16F7-4668-BE54-9A1E7A4F7556}") = "Lesson-6-arrays", "..\Lesson-6-arrays\Lesson-6-arrays.csproj", "{A3432702-F7F3-4764-B36D-B93E95EBA776}"
EndProject
Global
	GlobalSection(SolutionConfigurationPlatforms) = preSolution
		Debug|Any CPU = Debug|Any CPU
		Release|Any CPU = Release|Any CPU
	EndGlobalSection
	GlobalSection(ProjectConfigurationPlatforms) = postSolution
		{55969124-B41D-4AF7-ACFB-7443B723952B}.Debug|Any CPU.ActiveCfg = Debug|Any CPU
		{55969124-B41D-4AF7-ACFB-7443B723952B}.Debug|Any CPU.Build.0 = Debug|Any CPU
		{55969124-B41D-4AF7-ACFB-7443B723952B}.Release|Any CPU.ActiveCfg = Release|Any CPU
		{55969124-B41D-4AF7-ACFB-7443B723952B}.Release|Any CPU.Build.0 = Release|Any CPU
		{A3432702-F7F3-4764-B36D-B93E95EBA776}.Debug|Any CPU.ActiveCfg = Debug|Any CPU
		{A3432702-F7F3-4764-B36D-B93E95EBA776}.Debug|Any CPU.Build.0 = Debug|Any CPU
		{A3432702-F7F3-4764-B36D-B93E95EBA776}.Release|Any CPU.ActiveCfg = Release|Any CPU
		{A3432702-F7F3-4764-B36D-B93E95EBA776}.Release|Any CPU.Build.0 = Release|Any CPU
	EndGlobalSection
	GlobalSection(SolutionProperties) = preSolution
		HideSolutionNode = FALSE
	EndGlobalSection
	GlobalSection(ExtensibilityGlobals) = postSolution
		SolutionGuid = {66C5C7E8-12AF-4A1E-991C-3046DA6EE712}
	EndGlobalSection
EndGlobal
